
Microsoft Visual Studio Solution File, Format Version 12.00
# Visual Studio Version 17
VisualStudioVersion = 17.4.33213.308
MinimumVisualStudioVersion = 10.0.40219.1
Project("{FAE04EC0-301F-11D3-BF4B-00C04F79EFBC}") = "kgivler_com", "kgivler_com\kgivler_com.csproj", "{2AB2C3C3-7608-4679-9520-41128830A85D}"
EndProject
Global
	GlobalSection(SolutionConfigurationPlatforms) = preSolution
		Debug|Any CPU = Debug|Any CPU
		Release|Any CPU = Release|Any CPU
	EndGlobalSection
	GlobalSection(ProjectConfigurationPlatforms) = postSolution
		{2AB2C3C3-7608-4679-9520-41128830A85D}.Debug|Any CPU.ActiveCfg = Debug|Any CPU
		{2AB2C3C3-7608-4679-9520-41128830A85D}.Debug|Any CPU.Build.0 = Debug|Any CPU
		{2AB2C3C3-7608-4679-9520-41128830A85D}.Release|Any CPU.ActiveCfg = Release|Any CPU
		{2AB2C3C3-7608-4679-9520-41128830A85D}.Release|Any CPU.Build.0 = Release|Any CPU
	EndGlobalSection
	GlobalSection(SolutionProperties) = preSolution
		HideSolutionNode = FALSE
	EndGlobalSection
	GlobalSection(ExtensibilityGlobals) = postSolution
		SolutionGuid = {536290CE-FFCA-4AF6-BFB7-35A8B03E2837}
	EndGlobalSection
EndGlobal
