
Microsoft Visual Studio Solution File, Format Version 12.00
# Visual Studio Version 17
VisualStudioVersion = 17.2.32616.157
MinimumVisualStudioVersion = 10.0.40219.1
Project("{00D1A9C2-B5F0-4AF3-8072-F6C62B433612}") = "kgivler_comDb", "kgivler_comDb\kgivler_comDb.sqlproj", "{BBD9CC66-EC5D-46BE-B16C-B83D0B89A8E5}"
EndProject
Project("{9A19103F-16F7-4668-BE54-9A1E7A4F7556}") = "kgivler_com", "kgivler_com\kgivler_com.csproj", "{88489895-6E17-48E3-ACBD-DF801F9D1572}"
EndProject
Global
	GlobalSection(SolutionConfigurationPlatforms) = preSolution
		Debug|Any CPU = Debug|Any CPU
		Release|Any CPU = Release|Any CPU
	EndGlobalSection
	GlobalSection(ProjectConfigurationPlatforms) = postSolution
		{BBD9CC66-EC5D-46BE-B16C-B83D0B89A8E5}.Debug|Any CPU.ActiveCfg = Debug|Any CPU
		{BBD9CC66-EC5D-46BE-B16C-B83D0B89A8E5}.Debug|Any CPU.Build.0 = Debug|Any CPU
		{BBD9CC66-EC5D-46BE-B16C-B83D0B89A8E5}.Debug|Any CPU.Deploy.0 = Debug|Any CPU
		{BBD9CC66-EC5D-46BE-B16C-B83D0B89A8E5}.Release|Any CPU.ActiveCfg = Release|Any CPU
		{BBD9CC66-EC5D-46BE-B16C-B83D0B89A8E5}.Release|Any CPU.Build.0 = Release|Any CPU
		{BBD9CC66-EC5D-46BE-B16C-B83D0B89A8E5}.Release|Any CPU.Deploy.0 = Release|Any CPU
		{88489895-6E17-48E3-ACBD-DF801F9D1572}.Debug|Any CPU.ActiveCfg = Debug|Any CPU
		{88489895-6E17-48E3-ACBD-DF801F9D1572}.Debug|Any CPU.Build.0 = Debug|Any CPU
		{88489895-6E17-48E3-ACBD-DF801F9D1572}.Release|Any CPU.ActiveCfg = Release|Any CPU
		{88489895-6E17-48E3-ACBD-DF801F9D1572}.Release|Any CPU.Build.0 = Release|Any CPU
	EndGlobalSection
	GlobalSection(SolutionProperties) = preSolution
		HideSolutionNode = FALSE
	EndGlobalSection
	GlobalSection(ExtensibilityGlobals) = postSolution
		SolutionGuid = {C047F8EF-9C7E-47AA-BB2D-1D91B214ACBC}
	EndGlobalSection
EndGlobal
